// !$*UTF8*$!
{
	archiveVersion = 1;
	classes = {
	};
	objectVersion = 46;
	objects = {

/* Begin PBXBuildFile section */
		09BBD52019D78CB800F1D09A /* AppDelegate.swift in Sources */ = {isa = PBXBuildFile; fileRef = 09BBD51F19D78CB800F1D09A /* AppDelegate.swift */; };
		09BBD52219D78CB800F1D09A /* ViewController.swift in Sources */ = {isa = PBXBuildFile; fileRef = 09BBD52119D78CB800F1D09A /* ViewController.swift */; };
		09BBD52519D78CB800F1D09A /* Main.storyboard in Resources */ = {isa = PBXBuildFile; fileRef = 09BBD52319D78CB800F1D09A /* Main.storyboard */; };
		09BBD52719D78CB800F1D09A /* Images.xcassets in Resources */ = {isa = PBXBuildFile; fileRef = 09BBD52619D78CB800F1D09A /* Images.xcassets */; };
		09BBD52A19D78CB800F1D09A /* LaunchScreen.xib in Resources */ = {isa = PBXBuildFile; fileRef = 09BBD52819D78CB800F1D09A /* LaunchScreen.xib */; };
		09BBD53619D78CB800F1D09A /* Exemplo001Tests.swift in Sources */ = {isa = PBXBuildFile; fileRef = 09BBD53519D78CB800F1D09A /* Exemplo001Tests.swift */; };
		09BBD54019D79C7400F1D09A /* gatinho_index.gif in Resources */ = {isa = PBXBuildFile; fileRef = 09BBD53F19D79C7400F1D09A /* gatinho_index.gif */; };
/* End PBXBuildFile section */

/* Begin PBXContainerItemProxy section */
		09BBD53019D78CB800F1D09A /* PBXContainerItemProxy */ = {
			isa = PBXContainerItemProxy;
			containerPortal = 09BBD51219D78CB800F1D09A /* Project object */;
			proxyType = 1;
			remoteGlobalIDString = 09BBD51919D78CB800F1D09A;
			remoteInfo = Exemplo001;
		};
/* End PBXContainerItemProxy section */

/* Begin PBXFileReference section */
		092DC11019D7A5A500447F35 /* MyPlayground.playground */ = {isa = PBXFileReference; lastKnownFileType = file.playground; path = MyPlayground.playground; sourceTree = "<group>"; };
		09BBD51A19D78CB800F1D09A /* Exemplo001.app */ = {isa = PBXFileReference; explicitFileType = wrapper.application; includeInIndex = 0; path = Exemplo001.app; sourceTree = BUILT_PRODUCTS_DIR; };
		09BBD51E19D78CB800F1D09A /* Info.plist */ = {isa = PBXFileReference; lastKnownFileType = text.plist.xml; path = Info.plist; sourceTree = "<group>"; };
		09BBD51F19D78CB800F1D09A /* AppDelegate.swift */ = {isa = PBXFileReference; lastKnownFileType = sourcecode.swift; path = AppDelegate.swift; sourceTree = "<group>"; };
		09BBD52119D78CB800F1D09A /* ViewController.swift */ = {isa = PBXFileReference; lastKnownFileType = sourcecode.swift; path = ViewController.swift; sourceTree = "<group>"; };
		09BBD52419D78CB800F1D09A /* Base */ = {isa = PBXFileReference; lastKnownFileType = file.storyboard; name = Base; path = Base.lproj/Main.storyboard; sourceTree = "<group>"; };
		09BBD52619D78CB800F1D09A /* Images.xcassets */ = {isa = PBXFileReference; lastKnownFileType = folder.assetcatalog; path = Images.xcassets; sourceTree = "<group>"; };
		09BBD52919D78CB800F1D09A /* Base */ = {isa = PBXFileReference; lastKnownFileType = file.xib; name = Base; path = Base.lproj/LaunchScreen.xib; sourceTree = "<group>"; };
		09BBD52F19D78CB800F1D09A /* Exemplo001Tests.xctest */ = {isa = PBXFileReference; explicitFileType = wrapper.cfbundle; includeInIndex = 0; path = Exemplo001Tests.xctest; sourceTree = BUILT_PRODUCTS_DIR; };
		09BBD53419D78CB800F1D09A /* Info.plist */ = {isa = PBXFileReference; lastKnownFileType = text.plist.xml; path = Info.plist; sourceTree = "<group>"; };
		09BBD53519D78CB800F1D09A /* Exemplo001Tests.swift */ = {isa = PBXFileReference; lastKnownFileType = sourcecode.swift; path = Exemplo001Tests.swift; sourceTree = "<group>"; };
		09BBD53F19D79C7400F1D09A /* gatinho_index.gif */ = {isa = PBXFileReference; lastKnownFileType = image.gif; path = gatinho_index.gif; sourceTree = "<group>"; };
		09FEBE3019DD874D0024821C /* WWDC2014-introdução.playground */ = {isa = PBXFileReference; lastKnownFileType = file.playground; path = "WWDC2014-introdução.playground"; sourceTree = "<group>"; };
/* End PBXFileReference section */

/* Begin PBXFrameworksBuildPhase section */
		09BBD51719D78CB800F1D09A /* Frameworks */ = {
			isa = PBXFrameworksBuildPhase;
			buildActionMask = 2147483647;
			files = (
			);
			runOnlyForDeploymentPostprocessing = 0;
		};
		09BBD52C19D78CB800F1D09A /* Frameworks */ = {
			isa = PBXFrameworksBuildPhase;
			buildActionMask = 2147483647;
			files = (
			);
			runOnlyForDeploymentPostprocessing = 0;
		};
/* End PBXFrameworksBuildPhase section */

/* Begin PBXGroup section */
		09BBD51119D78CB800F1D09A = {
			isa = PBXGroup;
			children = (
				09FEBE3019DD874D0024821C /* WWDC2014-introdução.playground */,
				092DC11019D7A5A500447F35 /* MyPlayground.playground */,
				09BBD51C19D78CB800F1D09A /* Exemplo001 */,
				09BBD53219D78CB800F1D09A /* Exemplo001Tests */,
				09BBD51B19D78CB800F1D09A /* Products */,
			);
			indentWidth = 2;
			sourceTree = "<group>";
			tabWidth = 2;
		};
		09BBD51B19D78CB800F1D09A /* Products */ = {
			isa = PBXGroup;
			children = (
				09BBD51A19D78CB800F1D09A /* Exemplo001.app */,
				09BBD52F19D78CB800F1D09A /* Exemplo001Tests.xctest */,
			);
			name = Products;
			sourceTree = "<group>";
		};
		09BBD51C19D78CB800F1D09A /* Exemplo001 */ = {
			isa = PBXGroup;
			children = (
				09BBD51F19D78CB800F1D09A /* AppDelegate.swift */,
				09BBD52119D78CB800F1D09A /* ViewController.swift */,
				09BBD52319D78CB800F1D09A /* Main.storyboard */,
				09BBD52619D78CB800F1D09A /* Images.xcassets */,
				09BBD52819D78CB800F1D09A /* LaunchScreen.xib */,
				09BBD53F19D79C7400F1D09A /* gatinho_index.gif */,
				09BBD51D19D78CB800F1D09A /* Supporting Files */,
			);
			path = Exemplo001;
			sourceTree = "<group>";
		};
		09BBD51D19D78CB800F1D09A /* Supporting Files */ = {
			isa = PBXGroup;
			children = (
				09BBD51E19D78CB800F1D09A /* Info.plist */,
			);
			name = "Supporting Files";
			sourceTree = "<group>";
		};
		09BBD53219D78CB800F1D09A /* Exemplo001Tests */ = {
			isa = PBXGroup;
			children = (
				09BBD53519D78CB800F1D09A /* Exemplo001Tests.swift */,
				09BBD53319D78CB800F1D09A /* Supporting Files */,
			);
			path = Exemplo001Tests;
			sourceTree = "<group>";
		};
		09BBD53319D78CB800F1D09A /* Supporting Files */ = {
			isa = PBXGroup;
			children = (
				09BBD53419D78CB800F1D09A /* Info.plist */,
			);
			name = "Supporting Files";
			sourceTree = "<group>";
		};
/* End PBXGroup section */

/* Begin PBXNativeTarget section */
		09BBD51919D78CB800F1D09A /* Exemplo001 */ = {
			isa = PBXNativeTarget;
			buildConfigurationList = 09BBD53919D78CB800F1D09A /* Build configuration list for PBXNativeTarget "Exemplo001" */;
			buildPhases = (
				09BBD51619D78CB800F1D09A /* Sources */,
				09BBD51719D78CB800F1D09A /* Frameworks */,
				09BBD51819D78CB800F1D09A /* Resources */,
			);
			buildRules = (
			);
			dependencies = (
			);
			name = Exemplo001;
			productName = Exemplo001;
			productReference = 09BBD51A19D78CB800F1D09A /* Exemplo001.app */;
			productType = "com.apple.product-type.application";
		};
		09BBD52E19D78CB800F1D09A /* Exemplo001Tests */ = {
			isa = PBXNativeTarget;
			buildConfigurationList = 09BBD53C19D78CB800F1D09A /* Build configuration list for PBXNativeTarget "Exemplo001Tests" */;
			buildPhases = (
				09BBD52B19D78CB800F1D09A /* Sources */,
				09BBD52C19D78CB800F1D09A /* Frameworks */,
				09BBD52D19D78CB800F1D09A /* Resources */,
			);
			buildRules = (
			);
			dependencies = (
				09BBD53119D78CB800F1D09A /* PBXTargetDependency */,
			);
			name = Exemplo001Tests;
			productName = Exemplo001Tests;
			productReference = 09BBD52F19D78CB800F1D09A /* Exemplo001Tests.xctest */;
			productType = "com.apple.product-type.bundle.unit-test";
		};
/* End PBXNativeTarget section */

/* Begin PBXProject section */
		09BBD51219D78CB800F1D09A /* Project object */ = {
			isa = PBXProject;
			attributes = {
				LastUpgradeCheck = 0600;
				ORGANIZATIONNAME = si;
				TargetAttributes = {
					09BBD51919D78CB800F1D09A = {
						CreatedOnToolsVersion = 6.0.1;
					};
					09BBD52E19D78CB800F1D09A = {
						CreatedOnToolsVersion = 6.0.1;
						TestTargetID = 09BBD51919D78CB800F1D09A;
					};
				};
			};
			buildConfigurationList = 09BBD51519D78CB800F1D09A /* Build configuration list for PBXProject "Exemplo001" */;
			compatibilityVersion = "Xcode 3.2";
			developmentRegion = English;
			hasScannedForEncodings = 0;
			knownRegions = (
				en,
				Base,
			);
			mainGroup = 09BBD51119D78CB800F1D09A;
			productRefGroup = 09BBD51B19D78CB800F1D09A /* Products */;
			projectDirPath = "";
			projectRoot = "";
			targets = (
				09BBD51919D78CB800F1D09A /* Exemplo001 */,
				09BBD52E19D78CB800F1D09A /* Exemplo001Tests */,
			);
		};
/* End PBXProject section */

/* Begin PBXResourcesBuildPhase section */
		09BBD51819D78CB800F1D09A /* Resources */ = {
			isa = PBXResourcesBuildPhase;
			buildActionMask = 2147483647;
			files = (
				09BBD52519D78CB800F1D09A /* Main.storyboard in Resources */,
				09BBD52A19D78CB800F1D09A /* LaunchScreen.xib in Resources */,
				09BBD54019D79C7400F1D09A /* gatinho_index.gif in Resources */,
				09BBD52719D78CB800F1D09A /* Images.xcassets in Resources */,
			);
			runOnlyForDeploymentPostprocessing = 0;
		};
		09BBD52D19D78CB800F1D09A /* Resources */ = {
			isa = PBXResourcesBuildPhase;
			buildActionMask = 2147483647;
			files = (
			);
			runOnlyForDeploymentPostprocessing = 0;
		};
/* End PBXResourcesBuildPhase section */

/* Begin PBXSourcesBuildPhase section */
		09BBD51619D78CB800F1D09A /* Sources */ = {
			isa = PBXSourcesBuildPhase;
			buildActionMask = 2147483647;
			files = (
				09BBD52219D78CB800F1D09A /* ViewController.swift in Sources */,
				09BBD52019D78CB800F1D09A /* AppDelegate.swift in Sources */,
			);
			runOnlyForDeploymentPostprocessing = 0;
		};
		09BBD52B19D78CB800F1D09A /* Sources */ = {
			isa = PBXSourcesBuildPhase;
			buildActionMask = 2147483647;
			files = (
				09BBD53619D78CB800F1D09A /* Exemplo001Tests.swift in Sources */,
			);
			runOnlyForDeploymentPostprocessing = 0;
		};
/* End PBXSourcesBuildPhase section */

/* Begin PBXTargetDependency section */
		09BBD53119D78CB800F1D09A /* PBXTargetDependency */ = {
			isa = PBXTargetDependency;
			target = 09BBD51919D78CB800F1D09A /* Exemplo001 */;
			targetProxy = 09BBD53019D78CB800F1D09A /* PBXContainerItemProxy */;
		};
/* End PBXTargetDependency section */

/* Begin PBXVariantGroup section */
		09BBD52319D78CB800F1D09A /* Main.storyboard */ = {
			isa = PBXVariantGroup;
			children = (
				09BBD52419D78CB800F1D09A /* Base */,
			);
			name = Main.storyboard;
			sourceTree = "<group>";
		};
		09BBD52819D78CB800F1D09A /* LaunchScreen.xib */ = {
			isa = PBXVariantGroup;
			children = (
				09BBD52919D78CB800F1D09A /* Base */,
			);
			name = LaunchScreen.xib;
			sourceTree = "<group>";
		};
/* End PBXVariantGroup section */

/* Begin XCBuildConfiguration section */
		09BBD53719D78CB800F1D09A /* Debug */ = {
			isa = XCBuildConfiguration;
			buildSettings = {
				ALWAYS_SEARCH_USER_PATHS = NO;
				CLANG_CXX_LANGUAGE_STANDARD = "gnu++0x";
				CLANG_CXX_LIBRARY = "libc++";
				CLANG_ENABLE_MODULES = YES;
				CLANG_ENABLE_OBJC_ARC = YES;
				CLANG_WARN_BOOL_CONVERSION = YES;
				CLANG_WARN_CONSTANT_CONVERSION = YES;
				CLANG_WARN_DIRECT_OBJC_ISA_USAGE = YES_ERROR;
				CLANG_WARN_EMPTY_BODY = YES;
				CLANG_WARN_ENUM_CONVERSION = YES;
				CLANG_WARN_INT_CONVERSION = YES;
				CLANG_WARN_OBJC_ROOT_CLASS = YES_ERROR;
				CLANG_WARN_UNREACHABLE_CODE = YES;
				CLANG_WARN__DUPLICATE_METHOD_MATCH = YES;
				"CODE_SIGN_IDENTITY[sdk=iphoneos*]" = "iPhone Developer";
				COPY_PHASE_STRIP = NO;
				ENABLE_STRICT_OBJC_MSGSEND = YES;
				GCC_C_LANGUAGE_STANDARD = gnu99;
				GCC_DYNAMIC_NO_PIC = NO;
				GCC_OPTIMIZATION_LEVEL = 0;
				GCC_PREPROCESSOR_DEFINITIONS = (
					"DEBUG=1",
					"$(inherited)",
				);
				GCC_SYMBOLS_PRIVATE_EXTERN = NO;
				GCC_WARN_64_TO_32_BIT_CONVERSION = YES;
				GCC_WARN_ABOUT_RETURN_TYPE = YES_ERROR;
				GCC_WARN_UNDECLARED_SELECTOR = YES;
				GCC_WARN_UNINITIALIZED_AUTOS = YES_AGGRESSIVE;
				GCC_WARN_UNUSED_FUNCTION = YES;
				GCC_WARN_UNUSED_VARIABLE = YES;
				IPHONEOS_DEPLOYMENT_TARGET = 8.0;
				MTL_ENABLE_DEBUG_INFO = YES;
				ONLY_ACTIVE_ARCH = YES;
				SDKROOT = iphoneos;
				SWIFT_OPTIMIZATION_LEVEL = "-Onone";
				TARGETED_DEVICE_FAMILY = 2;
			};
			name = Debug;
		};
		09BBD53819D78CB800F1D09A /* Release */ = {
			isa = XCBuildConfiguration;
			buildSettings = {
				ALWAYS_SEARCH_USER_PATHS = NO;
				CLANG_CXX_LANGUAGE_STANDARD = "gnu++0x";
				CLANG_CXX_LIBRARY = "libc++";
				CLANG_ENABLE_MODULES = YES;
				CLANG_ENABLE_OBJC_ARC = YES;
				CLANG_WARN_BOOL_CONVERSION = YES;
				CLANG_WARN_CONSTANT_CONVERSION = YES;
				CLANG_WARN_DIRECT_OBJC_ISA_USAGE = YES_ERROR;
				CLANG_WARN_EMPTY_BODY = YES;
				CLANG_WARN_ENUM_CONVERSION = YES;
				CLANG_WARN_INT_CONVERSION = YES;
				CLANG_WARN_OBJC_ROOT_CLASS = YES_ERROR;
				CLANG_WARN_UNREACHABLE_CODE = YES;
				CLANG_WARN__DUPLICATE_METHOD_MATCH = YES;
				"CODE_SIGN_IDENTITY[sdk=iphoneos*]" = "iPhone Developer";
				COPY_PHASE_STRIP = YES;
				ENABLE_NS_ASSERTIONS = NO;
				ENABLE_STRICT_OBJC_MSGSEND = YES;
				GCC_C_LANGUAGE_STANDARD = gnu99;
				GCC_WARN_64_TO_32_BIT_CONVERSION = YES;
				GCC_WARN_ABOUT_RETURN_TYPE = YES_ERROR;
				GCC_WARN_UNDECLARED_SELECTOR = YES;
				GCC_WARN_UNINITIALIZED_AUTOS = YES_AGGRESSIVE;
				GCC_WARN_UNUSED_FUNCTION = YES;
				GCC_WARN_UNUSED_VARIABLE = YES;
				IPHONEOS_DEPLOYMENT_TARGET = 8.0;
				MTL_ENABLE_DEBUG_INFO = NO;
				SDKROOT = iphoneos;
				TARGETED_DEVICE_FAMILY = 2;
				VALIDATE_PRODUCT = YES;
			};
			name = Release;
		};
		09BBD53A19D78CB800F1D09A /* Debug */ = {
			isa = XCBuildConfiguration;
			buildSettings = {
				ASSETCATALOG_COMPILER_APPICON_NAME = AppIcon;
				INFOPLIST_FILE = Exemplo001/Info.plist;
				LD_RUNPATH_SEARCH_PATHS = "$(inherited) @executable_path/Frameworks";
				PRODUCT_NAME = "$(TARGET_NAME)";
			};
			name = Debug;
		};
		09BBD53B19D78CB800F1D09A /* Release */ = {
			isa = XCBuildConfiguration;
			buildSettings = {
				ASSETCATALOG_COMPILER_APPICON_NAME = AppIcon;
				INFOPLIST_FILE = Exemplo001/Info.plist;
				LD_RUNPATH_SEARCH_PATHS = "$(inherited) @executable_path/Frameworks";
				PRODUCT_NAME = "$(TARGET_NAME)";
			};
			name = Release;
		};
		09BBD53D19D78CB800F1D09A /* Debug */ = {
			isa = XCBuildConfiguration;
			buildSettings = {
				BUNDLE_LOADER = "$(TEST_HOST)";
				FRAMEWORK_SEARCH_PATHS = (
					"$(SDKROOT)/Developer/Library/Frameworks",
					"$(inherited)",
				);
				GCC_PREPROCESSOR_DEFINITIONS = (
					"DEBUG=1",
					"$(inherited)",
				);
				INFOPLIST_FILE = Exemplo001Tests/Info.plist;
				LD_RUNPATH_SEARCH_PATHS = "$(inherited) @executable_path/Frameworks @loader_path/Frameworks";
				PRODUCT_NAME = "$(TARGET_NAME)";
				TEST_HOST = "$(BUILT_PRODUCTS_DIR)/Exemplo001.app/Exemplo001";
			};
			name = Debug;
		};
		09BBD53E19D78CB800F1D09A /* Release */ = {
			isa = XCBuildConfiguration;
			buildSettings = {
				BUNDLE_LOADER = "$(TEST_HOST)";
				FRAMEWORK_SEARCH_PATHS = (
					"$(SDKROOT)/Developer/Library/Frameworks",
					"$(inherited)",
				);
				INFOPLIST_FILE = Exemplo001Tests/Info.plist;
				LD_RUNPATH_SEARCH_PATHS = "$(inherited) @executable_path/Frameworks @loader_path/Frameworks";
				PRODUCT_NAME = "$(TARGET_NAME)";
				TEST_HOST = "$(BUILT_PRODUCTS_DIR)/Exemplo001.app/Exemplo001";
			};
			name = Release;
		};
/* End XCBuildConfiguration section */

/* Begin XCConfigurationList section */
		09BBD51519D78CB800F1D09A /* Build configuration list for PBXProject "Exemplo001" */ = {
			isa = XCConfigurationList;
			buildConfigurations = (
				09BBD53719D78CB800F1D09A /* Debug */,
				09BBD53819D78CB800F1D09A /* Release */,
			);
			defaultConfigurationIsVisible = 0;
			defaultConfigurationName = Release;
		};
		09BBD53919D78CB800F1D09A /* Build configuration list for PBXNativeTarget "Exemplo001" */ = {
			isa = XCConfigurationList;
			buildConfigurations = (
				09BBD53A19D78CB800F1D09A /* Debug */,
				09BBD53B19D78CB800F1D09A /* Release */,
			);
			defaultConfigurationIsVisible = 0;
			defaultConfigurationName = Release;
		};
		09BBD53C19D78CB800F1D09A /* Build configuration list for PBXNativeTarget "Exemplo001Tests" */ = {
			isa = XCConfigurationList;
			buildConfigurations = (
				09BBD53D19D78CB800F1D09A /* Debug */,
				09BBD53E19D78CB800F1D09A /* Release */,
			);
			defaultConfigurationIsVisible = 0;
			defaultConfigurationName = Release;
		};
/* End XCConfigurationList section */
	};
	rootObject = 09BBD51219D78CB800F1D09A /* Project object */;
}
